
Microsoft Visual Studio Solution File, Format Version 12.00
# Visual Studio 15
VisualStudioVersion = 15.0.26730.16
MinimumVisualStudioVersion = 10.0.40219.1
Project("{FAE04EC0-301F-11D3-BF4B-00C04F79EFBC}") = "ApplicationExample", "ApplicationExample\ApplicationExample.csproj", "{76C368BA-81BC-4EE4-9C2C-AA40425064B9}"
EndProject
Project("{FAE04EC0-301F-11D3-BF4B-00C04F79EFBC}") = "FestivalElements", "FestivalElements\FestivalElements.csproj", "{F299F3B5-DEED-4019-9E21-269655DE642E}"
EndProject
Project("{FAE04EC0-301F-11D3-BF4B-00C04F79EFBC}") = "SaveSystem", "SaveSystem\SaveSystem.csproj", "{DD0D4645-83AD-46D9-AB3A-F0117F8C9FAF}"
EndProject
Global
	GlobalSection(SolutionConfigurationPlatforms) = preSolution
		Debug|Any CPU = Debug|Any CPU
		Release|Any CPU = Release|Any CPU
	EndGlobalSection
	GlobalSection(ProjectConfigurationPlatforms) = postSolution
		{76C368BA-81BC-4EE4-9C2C-AA40425064B9}.Debug|Any CPU.ActiveCfg = Debug|Any CPU
		{76C368BA-81BC-4EE4-9C2C-AA40425064B9}.Debug|Any CPU.Build.0 = Debug|Any CPU
		{76C368BA-81BC-4EE4-9C2C-AA40425064B9}.Release|Any CPU.ActiveCfg = Release|Any CPU
		{76C368BA-81BC-4EE4-9C2C-AA40425064B9}.Release|Any CPU.Build.0 = Release|Any CPU
		{F299F3B5-DEED-4019-9E21-269655DE642E}.Debug|Any CPU.ActiveCfg = Debug|Any CPU
		{F299F3B5-DEED-4019-9E21-269655DE642E}.Debug|Any CPU.Build.0 = Debug|Any CPU
		{F299F3B5-DEED-4019-9E21-269655DE642E}.Release|Any CPU.ActiveCfg = Release|Any CPU
		{F299F3B5-DEED-4019-9E21-269655DE642E}.Release|Any CPU.Build.0 = Release|Any CPU
		{DD0D4645-83AD-46D9-AB3A-F0117F8C9FAF}.Debug|Any CPU.ActiveCfg = Debug|Any CPU
		{DD0D4645-83AD-46D9-AB3A-F0117F8C9FAF}.Debug|Any CPU.Build.0 = Debug|Any CPU
		{DD0D4645-83AD-46D9-AB3A-F0117F8C9FAF}.Release|Any CPU.ActiveCfg = Release|Any CPU
		{DD0D4645-83AD-46D9-AB3A-F0117F8C9FAF}.Release|Any CPU.Build.0 = Release|Any CPU
	EndGlobalSection
	GlobalSection(SolutionProperties) = preSolution
		HideSolutionNode = FALSE
	EndGlobalSection
	GlobalSection(ExtensibilityGlobals) = postSolution
		SolutionGuid = {13CD8167-0BE2-42B4-8705-05AD4F8B9510}
	EndGlobalSection
EndGlobal
